
Microsoft Visual Studio Solution File, Format Version 12.00
# Visual Studio Version 17
VisualStudioVersion = 17.3.32901.215
MinimumVisualStudioVersion = 10.0.40219.1
Project("{FAE04EC0-301F-11D3-BF4B-00C04F79EFBC}") = "Wumpus", "Wumpus\Wumpus.csproj", "{CF157AC9-A1E9-4A5E-8044-248D782A62F9}"
EndProject
Project("{FAE04EC0-301F-11D3-BF4B-00C04F79EFBC}") = "CaveGenerator", "CaveGenerator\CaveGenerator.csproj", "{58631E29-1813-46F1-AC88-514B5C81DB9E}"
EndProject
Global
	GlobalSection(SolutionConfigurationPlatforms) = preSolution
		Debug|Any CPU = Debug|Any CPU
		Release|Any CPU = Release|Any CPU
	EndGlobalSection
	GlobalSection(ProjectConfigurationPlatforms) = postSolution
		{CF157AC9-A1E9-4A5E-8044-248D782A62F9}.Debug|Any CPU.ActiveCfg = Debug|Any CPU
		{CF157AC9-A1E9-4A5E-8044-248D782A62F9}.Debug|Any CPU.Build.0 = Debug|Any CPU
		{CF157AC9-A1E9-4A5E-8044-248D782A62F9}.Release|Any CPU.ActiveCfg = Release|Any CPU
		{CF157AC9-A1E9-4A5E-8044-248D782A62F9}.Release|Any CPU.Build.0 = Release|Any CPU
		{58631E29-1813-46F1-AC88-514B5C81DB9E}.Debug|Any CPU.ActiveCfg = Debug|Any CPU
		{58631E29-1813-46F1-AC88-514B5C81DB9E}.Debug|Any CPU.Build.0 = Debug|Any CPU
		{58631E29-1813-46F1-AC88-514B5C81DB9E}.Release|Any CPU.ActiveCfg = Release|Any CPU
		{58631E29-1813-46F1-AC88-514B5C81DB9E}.Release|Any CPU.Build.0 = Release|Any CPU
	EndGlobalSection
	GlobalSection(SolutionProperties) = preSolution
		HideSolutionNode = FALSE
	EndGlobalSection
	GlobalSection(ExtensibilityGlobals) = postSolution
		SolutionGuid = {983D832E-98C4-4E2E-B467-B76C6833D370}
	EndGlobalSection
EndGlobal
