
Microsoft Visual Studio Solution File, Format Version 12.00
# Visual Studio Version 17
VisualStudioVersion = 17.5.33516.290
MinimumVisualStudioVersion = 10.0.40219.1
Project("{9A19103F-16F7-4668-BE54-9A1E7A4F7556}") = "UncleTayHouse", "UncleTayHouse\UncleTayHouse.csproj", "{B820EF7C-32B0-4B4B-A792-0C4B75AD7E42}"
EndProject
Project("{FAE04EC0-301F-11D3-BF4B-00C04F79EFBC}") = "TestProject", "TestProject\TestProject.csproj", "{65E5EDFF-20F7-4FEC-AB09-6200D61D0FCF}"
EndProject
Global
	GlobalSection(SolutionConfigurationPlatforms) = preSolution
		Debug|Any CPU = Debug|Any CPU
		Release|Any CPU = Release|Any CPU
	EndGlobalSection
	GlobalSection(ProjectConfigurationPlatforms) = postSolution
		{B820EF7C-32B0-4B4B-A792-0C4B75AD7E42}.Debug|Any CPU.ActiveCfg = Debug|Any CPU
		{B820EF7C-32B0-4B4B-A792-0C4B75AD7E42}.Debug|Any CPU.Build.0 = Debug|Any CPU
		{B820EF7C-32B0-4B4B-A792-0C4B75AD7E42}.Release|Any CPU.ActiveCfg = Release|Any CPU
		{B820EF7C-32B0-4B4B-A792-0C4B75AD7E42}.Release|Any CPU.Build.0 = Release|Any CPU
		{65E5EDFF-20F7-4FEC-AB09-6200D61D0FCF}.Debug|Any CPU.ActiveCfg = Debug|Any CPU
		{65E5EDFF-20F7-4FEC-AB09-6200D61D0FCF}.Debug|Any CPU.Build.0 = Debug|Any CPU
		{65E5EDFF-20F7-4FEC-AB09-6200D61D0FCF}.Release|Any CPU.ActiveCfg = Release|Any CPU
		{65E5EDFF-20F7-4FEC-AB09-6200D61D0FCF}.Release|Any CPU.Build.0 = Release|Any CPU
	EndGlobalSection
	GlobalSection(SolutionProperties) = preSolution
		HideSolutionNode = FALSE
	EndGlobalSection
	GlobalSection(ExtensibilityGlobals) = postSolution
		SolutionGuid = {F385777A-6A29-4A7B-AF61-FD2C2D9A24E7}
	EndGlobalSection
EndGlobal
